
Microsoft Visual Studio Solution File, Format Version 12.00
Project("{2150E333-8FDC-42A3-9474-1A3956D46DE8}") = "src", "src", "{3D0D1DFE-DC93-456B-B033-C0D2C8D69C2A}"
EndProject
Project("{2150E333-8FDC-42A3-9474-1A3956D46DE8}") = "tests", "tests", "{6B38831E-E8C1-4161-9765-726CF582686E}"
EndProject
Project("{FAE04EC0-301F-11D3-BF4B-00C04F79EFBC}") = "Api", "src\Api\Api.csproj", "{0F8940D7-BD85-4891-8C68-FF3B3147818B}"
EndProject
Project("{2150E333-8FDC-42A3-9474-1A3956D46DE8}") = "docker", "docker", "{EEAED609-381D-47B7-8825-1EB2CDA5B9F3}"
	ProjectSection(SolutionItems) = preProject
		..\..\docker-compose.yml = ..\..\docker-compose.yml
		..\..\.env = ..\..\.env
	EndProjectSection
EndProject
Project("{FAE04EC0-301F-11D3-BF4B-00C04F79EFBC}") = "Engine", "src\Engine\Engine.csproj", "{7F42FDDA-9CFA-47D2-8A6B-1BCBD203FDBC}"
EndProject
Global
	GlobalSection(SolutionConfigurationPlatforms) = preSolution
		Debug|Any CPU = Debug|Any CPU
		Release|Any CPU = Release|Any CPU
	EndGlobalSection
	GlobalSection(NestedProjects) = preSolution
		{0F8940D7-BD85-4891-8C68-FF3B3147818B} = {3D0D1DFE-DC93-456B-B033-C0D2C8D69C2A}
		{7F42FDDA-9CFA-47D2-8A6B-1BCBD203FDBC} = {3D0D1DFE-DC93-456B-B033-C0D2C8D69C2A}
	EndGlobalSection
	GlobalSection(ProjectConfigurationPlatforms) = postSolution
		{0F8940D7-BD85-4891-8C68-FF3B3147818B}.Debug|Any CPU.ActiveCfg = Debug|Any CPU
		{0F8940D7-BD85-4891-8C68-FF3B3147818B}.Debug|Any CPU.Build.0 = Debug|Any CPU
		{0F8940D7-BD85-4891-8C68-FF3B3147818B}.Release|Any CPU.ActiveCfg = Release|Any CPU
		{0F8940D7-BD85-4891-8C68-FF3B3147818B}.Release|Any CPU.Build.0 = Release|Any CPU
		{7F42FDDA-9CFA-47D2-8A6B-1BCBD203FDBC}.Debug|Any CPU.ActiveCfg = Debug|Any CPU
		{7F42FDDA-9CFA-47D2-8A6B-1BCBD203FDBC}.Debug|Any CPU.Build.0 = Debug|Any CPU
		{7F42FDDA-9CFA-47D2-8A6B-1BCBD203FDBC}.Release|Any CPU.ActiveCfg = Release|Any CPU
		{7F42FDDA-9CFA-47D2-8A6B-1BCBD203FDBC}.Release|Any CPU.Build.0 = Release|Any CPU
	EndGlobalSection
EndGlobal
